# This file was autogenerated by Stack.
# You should not edit this file by hand.
# For more information, please see the documentation at:
#   https://docs.haskellstack.org/en/stable/lock_files

packages:
- completed:
    hackage: monad-validate-1.2.0.0@sha256:9850f408431098b28806dd464b6825a88a0b56c84f380d7fe0454c1df9d6f881,3505
    pantry-tree:
      size: 713
      sha256: 8e049bd12ce2bd470909578f2ee8eb80b89d5ff88860afa30e29dd4eafecfa3e
  original:
    hackage: monad-validate-1.2.0.0@sha256:9850f408431098b28806dd464b6825a88a0b56c84f380d7fe0454c1df9d6f881,3505
- completed:
    hackage: happy-1.19.9@sha256:f8c774230735a390c287b2980cfcd2703d24d8dde85a01ea721b7b4b4c82944f,4667
    pantry-tree:
      size: 7980
      sha256: 1f1d622f6e773e7a674da6364b755714c76c3fbb3c7a4e65deaf07242fc15211
  original:
    hackage: happy-1.19.9
- completed:
    hackage: megaparsec-8.0.0@sha256:362f85e243ecbcb550e1de6e5c74ba5a50c09edaa1208c99bc5b9fd242227fc6,3808
    pantry-tree:
      size: 1446
      sha256: 955117c00a86970f2d0c215f33cf5293b16589c04678a0a790c03368ab6fd0aa
  original:
    hackage: megaparsec-8.0.0
- completed:
    size: 92392
    subdir: reparsec
    url: https://github.com/chrisdone/streaming-parsers/archive/955675a074e8443ab9a65cc1bcb7abd7e49e188f.tar.gz
    name: reparsec
    version: 0.0.0
    sha256: ce83c812a53d3b32c5b163b6aa23ce7e3766ec1942c6cc66f4598a8ce6a47ac3
    pantry-tree:
      size: 474
      sha256: c724eed5d0077071c5199dd020b79945cf83d3a0cd677dfb611cca0c7c8d77ee
  original:
    subdir: reparsec
    url: https://github.com/chrisdone/streaming-parsers/archive/955675a074e8443ab9a65cc1bcb7abd7e49e188f.tar.gz
- completed:
    size: 533412
    url: https://github.com/purescript/purescript/archive/ed130c78b708ff55cf4a80b126a1bd3ba5d80eb9.tar.gz
    name: purescript
    version: 0.13.6
    sha256: e0a1f2c56a12356648f1207674c5dc2ae1a6bacd62b82654ef5d427d32e32713
    pantry-tree:
      size: 80429
      sha256: b6e81e7ef624dfba7a0e0e2b8b0ae91b5b7fe986748621b40743ea92e32e631b
  original:
    url: https://github.com/purescript/purescript/archive/ed130c78b708ff55cf4a80b126a1bd3ba5d80eb9.tar.gz
- completed:
    size: 25671
    url: https://github.com/purescript/psc-package/archive/24a696131bca63513a84d0a9b691f773c7b37069.tar.gz
    name: psc-package
    version: 0.6.2
    sha256: 49f22e6af412513fae81f629c5d8188d43c000af7806a8c14eda66dd06807d99
    pantry-tree:
      size: 1542
      sha256: 7ae4413f1441bfa111f8e39a77ffdc95776d8ee6129d5ff328d6de4a8a67788e
  original:
    url: https://github.com/purescript/psc-package/archive/24a696131bca63513a84d0a9b691f773c7b37069.tar.gz
- completed:
    size: 7273
    url: https://github.com/chrisdone/purescript-bundle-fast/archive/c5a75b57cd2aa442bf03edfe5a6702b4df0fc45e.tar.gz
    name: purescript-bundle-fast
    version: 0.1.0.1
    sha256: 453b53e143994d23beeb30c9899ef2c805c0edeaabf287538813cad0f97eaba2
    pantry-tree:
      size: 441
      sha256: a0cfe01e673c8077665181f1eca8c05ab9ff1cae96e67031d2836bb658416aaf
  original:
    url: https://github.com/chrisdone/purescript-bundle-fast/archive/c5a75b57cd2aa442bf03edfe5a6702b4df0fc45e.tar.gz
- completed:
    size: 2615
    url: https://github.com/chrisdone/yesod-lucid/archive/277d644297f36850f304dd5efa99c9eded09a633.tar.gz
    name: yesod-lucid
    version: '0.1'
    sha256: 367c4242828af243006f134d6dee84ef199aa28630f4814de360153e22b8f71a
    pantry-tree:
      size: 361
      sha256: 0534e78324b28a57110f31e595617b29af5abaa87a8a91f45d0ee7751749a676
  original:
    url: https://github.com/chrisdone/yesod-lucid/archive/277d644297f36850f304dd5efa99c9eded09a633.tar.gz
- completed:
    size: 12380
    url: https://github.com/chrisdone/forge/archive/1bea561eec4e52687ad3b87afe7fc69785c70751.tar.gz
    name: forge
    version: 0.1.0.0
    sha256: 52ebcaad394879489cdde89e683d252b0882e4ff70385d2552b695cffd2ed32d
    pantry-tree:
      size: 858
      sha256: afc235279fa04096a415f69191d98a396d17e1502c9fe0af5e1fda0bd0a7a074
  original:
    url: https://github.com/chrisdone/forge/archive/1bea561eec4e52687ad3b87afe7fc69785c70751.tar.gz
- completed:
    hackage: optics-0.2@sha256:813ef6cc4d2e2b5ee00435831031f38917ba01d1e56dcb62dc18cd0315a9ccb7,6296
    pantry-tree:
      size: 1003
      sha256: 8a74dbcd983fcc96b7b6c5c9fc6da7240dd2e5bdab7caa4927b8287a4cbe5c0f
  original:
    hackage: optics-0.2@sha256:813ef6cc4d2e2b5ee00435831031f38917ba01d1e56dcb62dc18cd0315a9ccb7,6296
- completed:
    hackage: optics-core-0.2@sha256:6966f4f8cc9163b63d87dcca2d2617684b4ac8a80c5e50c69e9f3adf4dcdf0e9,4409
    pantry-tree:
      size: 4818
      sha256: 4797bbb8dad9a21ed5d10fd6436a9114df19ebf742a69e9c2a0cd4fceab41a93
  original:
    hackage: optics-core-0.2@sha256:6966f4f8cc9163b63d87dcca2d2617684b4ac8a80c5e50c69e9f3adf4dcdf0e9,4409
- completed:
    hackage: optics-extra-0.2@sha256:211ce1dfd1b3ffd95c1158d8c8beb53cbd17c4d477169e226b1831607f6789eb,3370
    pantry-tree:
      size: 1809
      sha256: cce8df05ef2e673461efa35734e072c54b78c73a17ee4a1e59c94252a3d53788
  original:
    hackage: optics-extra-0.2@sha256:211ce1dfd1b3ffd95c1158d8c8beb53cbd17c4d477169e226b1831607f6789eb,3370
- completed:
    hackage: optics-th-0.2@sha256:b4f6c5a3f134c697837190ed6da969dd284aefe79e43c3ef793093b607bb83b9,1929
    pantry-tree:
      size: 653
      sha256: f6b5caed956d3761b35769ac518d3f0f407449dafe33154992386f02d9489bad
  original:
    hackage: optics-th-0.2@sha256:b4f6c5a3f134c697837190ed6da969dd284aefe79e43c3ef793093b607bb83b9,1929
- completed:
    hackage: indexed-profunctors-0.1@sha256:ddf618d0d4c58319c1e735e746bc69a1021f13b6f475dc9614b80af03432e6d4,1016
    pantry-tree:
      size: 235
      sha256: cfd66c0a53be1b45eae72df112ea1158614458bb7b1c9cbbe3410b04ab011ec6
  original:
    hackage: indexed-profunctors-0.1@sha256:ddf618d0d4c58319c1e735e746bc69a1021f13b6f475dc9614b80af03432e6d4,1016
- completed:
    size: 19130
    url: https://github.com/chrisdone/safe-decimal/archive/7d12d7b326d7ca544306e2b3244b5e3bfd9b856b.tar.gz
    name: safe-decimal
    version: 0.2.0.0
    sha256: c06dec7222ffcaf55f80d85a278731e7a4142f4bd4f2718007ae146eb37f1fb6
    pantry-tree:
      size: 925
      sha256: 4b4b230d2e61aae0c265d315de99a4f88a04b1b35eb9fd94749802a46b77bf08
  original:
    url: https://github.com/chrisdone/safe-decimal/archive/7d12d7b326d7ca544306e2b3244b5e3bfd9b856b.tar.gz
- completed:
    hackage: string-quote-0.0.1@sha256:7d91a0ba1be44b2443497c92f2f027cd4580453b893f8b5ebf061e1d85befaf3,758
    pantry-tree:
      size: 273
      sha256: d291028785ad39f8d05cde91594f6b313e35ff76af66c0452ab599b1f1f59e5f
  original:
    hackage: string-quote-0.0.1@sha256:7d91a0ba1be44b2443497c92f2f027cd4580453b893f8b5ebf061e1d85befaf3,758
- completed:
    hackage: prometheus-2.2.2@sha256:d794f5fe975be2f3ca7d7af71a7aeeb006615ad7d98835fa42caba9457a51936,4288
    pantry-tree:
      size: 1559
      sha256: 3b1cb27cf8cb0a8da83b5730e85132e058e808f8dd1be349ea3dbb162c7f14c3
  original:
    hackage: prometheus-2.2.2@sha256:d794f5fe975be2f3ca7d7af71a7aeeb006615ad7d98835fa42caba9457a51936,4288
- completed:
    size: 67654
    subdir: rio
    url: https://github.com/commercialhaskell/rio/archive/91c379f29b158dc91e7bea059fe7874d9a16973c.tar.gz
    name: rio
    version: 0.1.19.0
    sha256: f6a5ed84d8582968acfe25ea9eccea96361b3304f8463098793b05b873ee5681
    pantry-tree:
      size: 4854
      sha256: a0b17853ca21584119764a182dfba8c7a273180cda2ec63191fec7e2ad45f066
  original:
    subdir: rio
    url: https://github.com/commercialhaskell/rio/archive/91c379f29b158dc91e7bea059fe7874d9a16973c.tar.gz
- completed:
    size: 67654
    subdir: rio-orphans
    url: https://github.com/commercialhaskell/rio/archive/91c379f29b158dc91e7bea059fe7874d9a16973c.tar.gz
    name: rio-orphans
    version: 0.1.1.0
    sha256: f6a5ed84d8582968acfe25ea9eccea96361b3304f8463098793b05b873ee5681
    pantry-tree:
      size: 480
      sha256: 0ea2b455f8d51d1740b914e42b4c7b2f6d94af12ac7488944fe84887b4787916
  original:
    subdir: rio-orphans
    url: https://github.com/commercialhaskell/rio/archive/91c379f29b158dc91e7bea059fe7874d9a16973c.tar.gz
- completed:
    size: 9953
    url: https://github.com/inflex-io/early/archive/f892a632d97585916d732f86dacee4dc78df7c7c.tar.gz
    name: early
    version: 0.0.0
    sha256: abec9b6438a09217c70476b7c93abd45828fcc4da4657645928f04824c029280
    pantry-tree:
      size: 641
      sha256: cccf3bf8296031865c5d71943e55d4455239761b6f5c71fcad903dad40648f18
  original:
    url: https://github.com/inflex-io/early/archive/f892a632d97585916d732f86dacee4dc78df7c7c.tar.gz
snapshots:
- completed:
    size: 524154
    url: https://raw.githubusercontent.com/commercialhaskell/stackage-snapshots/master/lts/14/20.yaml
    sha256: 2f5099f69ddb6abfe64400fe1e6a604e8e628f55e6837211cd70a81eb0a8fa4d
  original: lts-14.20
