# This file was autogenerated by Stack.
# You should not edit this file by hand.
# For more information, please see the documentation at:
#   https://docs.haskellstack.org/en/stable/lock_files

packages:
- completed:
    hackage: happy-1.19.9@sha256:f8c774230735a390c287b2980cfcd2703d24d8dde85a01ea721b7b4b4c82944f,4667
    pantry-tree:
      size: 7980
      sha256: 1f1d622f6e773e7a674da6364b755714c76c3fbb3c7a4e65deaf07242fc15211
  original:
    hackage: happy-1.19.9
- completed:
    size: 533412
    url: https://github.com/purescript/purescript/archive/ed130c78b708ff55cf4a80b126a1bd3ba5d80eb9.tar.gz
    name: purescript
    version: 0.13.6
    sha256: e0a1f2c56a12356648f1207674c5dc2ae1a6bacd62b82654ef5d427d32e32713
    pantry-tree:
      size: 80429
      sha256: b6e81e7ef624dfba7a0e0e2b8b0ae91b5b7fe986748621b40743ea92e32e631b
  original:
    url: https://github.com/purescript/purescript/archive/ed130c78b708ff55cf4a80b126a1bd3ba5d80eb9.tar.gz
- completed:
    size: 25671
    url: https://github.com/purescript/psc-package/archive/24a696131bca63513a84d0a9b691f773c7b37069.tar.gz
    name: psc-package
    version: 0.6.2
    sha256: 49f22e6af412513fae81f629c5d8188d43c000af7806a8c14eda66dd06807d99
    pantry-tree:
      size: 1542
      sha256: 7ae4413f1441bfa111f8e39a77ffdc95776d8ee6129d5ff328d6de4a8a67788e
  original:
    url: https://github.com/purescript/psc-package/archive/24a696131bca63513a84d0a9b691f773c7b37069.tar.gz
- completed:
    size: 7273
    url: https://github.com/chrisdone/purescript-bundle-fast/archive/c5a75b57cd2aa442bf03edfe5a6702b4df0fc45e.tar.gz
    name: purescript-bundle-fast
    version: 0.1.0.1
    sha256: 453b53e143994d23beeb30c9899ef2c805c0edeaabf287538813cad0f97eaba2
    pantry-tree:
      size: 441
      sha256: a0cfe01e673c8077665181f1eca8c05ab9ff1cae96e67031d2836bb658416aaf
  original:
    url: https://github.com/chrisdone/purescript-bundle-fast/archive/c5a75b57cd2aa442bf03edfe5a6702b4df0fc45e.tar.gz
- completed:
    size: 2598
    url: https://github.com/chrisdone/yesod-lucid/archive/cde88d0736a44163be70044a109798f578151db3.tar.gz
    name: yesod-lucid
    version: '0.1'
    sha256: 95815bb9557c1a9b4d3fc6dcf40d5975755cb793a87c2319d1f94916d1ae8210
    pantry-tree:
      size: 361
      sha256: ac78649b71c7b3f37070f62658794342f4d1ef9fdbc5a3764e43e931f5a7a86c
  original:
    url: https://github.com/chrisdone/yesod-lucid/archive/cde88d0736a44163be70044a109798f578151db3.tar.gz
- completed:
    size: 11944
    url: https://github.com/chrisdone/forge/archive/064fec0762d934336988551a3473aada3b64f8a0.tar.gz
    name: forge
    version: 0.1.0.0
    sha256: 4bae346c6529c28f5c7c75cb8bc7d79cf7e1bf36e4c44b662cd2f1cc8ae6bd4e
    pantry-tree:
      size: 858
      sha256: aa1c0de93d061db3136ae8a2e5711a38c21eee44ae64074d416305e94e931afa
  original:
    url: https://github.com/chrisdone/forge/archive/064fec0762d934336988551a3473aada3b64f8a0.tar.gz
snapshots:
- completed:
    size: 524154
    url: https://raw.githubusercontent.com/commercialhaskell/stackage-snapshots/master/lts/14/20.yaml
    sha256: 2f5099f69ddb6abfe64400fe1e6a604e8e628f55e6837211cd70a81eb0a8fa4d
  original: lts-14.20
